
Microsoft Visual Studio Solution File, Format Version 12.00
# Visual Studio 15
VisualStudioVersion = 15.0.28307.168
MinimumVisualStudioVersion = 10.0.40219.1
Project("{FAE04EC0-301F-11D3-BF4B-00C04F79EFBC}") = "copesa.Android", "copesa\copesa.Android\copesa.Android.csproj", "{EB3847C3-2C76-44AD-865F-A358C4B215C5}"
EndProject
Project("{FAE04EC0-301F-11D3-BF4B-00C04F79EFBC}") = "copesa.iOS", "copesa\copesa.iOS\copesa.iOS.csproj", "{C6A01E7F-D9B6-441E-A53D-9DEA703260DD}"
EndProject
Project("{FAE04EC0-301F-11D3-BF4B-00C04F79EFBC}") = "copesa", "copesa\copesa\copesa.csproj", "{72D63A58-2FC2-4A2B-851E-EB77EEEDF57B}"
EndProject
Global
	GlobalSection(SolutionConfigurationPlatforms) = preSolution
		Ad-Hoc|Any CPU = Ad-Hoc|Any CPU
		Ad-Hoc|iPhone = Ad-Hoc|iPhone
		Ad-Hoc|iPhoneSimulator = Ad-Hoc|iPhoneSimulator
		AppStore|Any CPU = AppStore|Any CPU
		AppStore|iPhone = AppStore|iPhone
		AppStore|iPhoneSimulator = AppStore|iPhoneSimulator
		Debug|Any CPU = Debug|Any CPU
		Debug|iPhone = Debug|iPhone
		Debug|iPhoneSimulator = Debug|iPhoneSimulator
		Release|Any CPU = Release|Any CPU
		Release|iPhone = Release|iPhone
		Release|iPhoneSimulator = Release|iPhoneSimulator
	EndGlobalSection
	GlobalSection(ProjectConfigurationPlatforms) = postSolution
		{EB3847C3-2C76-44AD-865F-A358C4B215C5}.Ad-Hoc|Any CPU.ActiveCfg = Release|Any CPU
		{EB3847C3-2C76-44AD-865F-A358C4B215C5}.Ad-Hoc|Any CPU.Build.0 = Release|Any CPU
		{EB3847C3-2C76-44AD-865F-A358C4B215C5}.Ad-Hoc|Any CPU.Deploy.0 = Release|Any CPU
		{EB3847C3-2C76-44AD-865F-A358C4B215C5}.Ad-Hoc|iPhone.ActiveCfg = Release|Any CPU
		{EB3847C3-2C76-44AD-865F-A358C4B215C5}.Ad-Hoc|iPhone.Build.0 = Release|Any CPU
		{EB3847C3-2C76-44AD-865F-A358C4B215C5}.Ad-Hoc|iPhone.Deploy.0 = Release|Any CPU
		{EB3847C3-2C76-44AD-865F-A358C4B215C5}.Ad-Hoc|iPhoneSimulator.ActiveCfg = Release|Any CPU
		{EB3847C3-2C76-44AD-865F-A358C4B215C5}.Ad-Hoc|iPhoneSimulator.Build.0 = Release|Any CPU
		{EB3847C3-2C76-44AD-865F-A358C4B215C5}.Ad-Hoc|iPhoneSimulator.Deploy.0 = Release|Any CPU
		{EB3847C3-2C76-44AD-865F-A358C4B215C5}.AppStore|Any CPU.ActiveCfg = Release|Any CPU
		{EB3847C3-2C76-44AD-865F-A358C4B215C5}.AppStore|Any CPU.Build.0 = Release|Any CPU
		{EB3847C3-2C76-44AD-865F-A358C4B215C5}.AppStore|Any CPU.Deploy.0 = Release|Any CPU
		{EB3847C3-2C76-44AD-865F-A358C4B215C5}.AppStore|iPhone.ActiveCfg = Release|Any CPU
		{EB3847C3-2C76-44AD-865F-A358C4B215C5}.AppStore|iPhone.Build.0 = Release|Any CPU
		{EB3847C3-2C76-44AD-865F-A358C4B215C5}.AppStore|iPhone.Deploy.0 = Release|Any CPU
		{EB3847C3-2C76-44AD-865F-A358C4B215C5}.AppStore|iPhoneSimulator.ActiveCfg = Release|Any CPU
		{EB3847C3-2C76-44AD-865F-A358C4B215C5}.AppStore|iPhoneSimulator.Build.0 = Release|Any CPU
		{EB3847C3-2C76-44AD-865F-A358C4B215C5}.AppStore|iPhoneSimulator.Deploy.0 = Release|Any CPU
		{EB3847C3-2C76-44AD-865F-A358C4B215C5}.Debug|Any CPU.ActiveCfg = Debug|Any CPU
		{EB3847C3-2C76-44AD-865F-A358C4B215C5}.Debug|Any CPU.Build.0 = Debug|Any CPU
		{EB3847C3-2C76-44AD-865F-A358C4B215C5}.Debug|Any CPU.Deploy.0 = Debug|Any CPU
		{EB3847C3-2C76-44AD-865F-A358C4B215C5}.Debug|iPhone.ActiveCfg = Debug|Any CPU
		{EB3847C3-2C76-44AD-865F-A358C4B215C5}.Debug|iPhone.Build.0 = Debug|Any CPU
		{EB3847C3-2C76-44AD-865F-A358C4B215C5}.Debug|iPhone.Deploy.0 = Debug|Any CPU
		{EB3847C3-2C76-44AD-865F-A358C4B215C5}.Debug|iPhoneSimulator.ActiveCfg = Debug|Any CPU
		{EB3847C3-2C76-44AD-865F-A358C4B215C5}.Debug|iPhoneSimulator.Build.0 = Debug|Any CPU
		{EB3847C3-2C76-44AD-865F-A358C4B215C5}.Debug|iPhoneSimulator.Deploy.0 = Debug|Any CPU
		{EB3847C3-2C76-44AD-865F-A358C4B215C5}.Release|Any CPU.ActiveCfg = Release|Any CPU
		{EB3847C3-2C76-44AD-865F-A358C4B215C5}.Release|Any CPU.Build.0 = Release|Any CPU
		{EB3847C3-2C76-44AD-865F-A358C4B215C5}.Release|Any CPU.Deploy.0 = Release|Any CPU
		{EB3847C3-2C76-44AD-865F-A358C4B215C5}.Release|iPhone.ActiveCfg = Release|Any CPU
		{EB3847C3-2C76-44AD-865F-A358C4B215C5}.Release|iPhone.Build.0 = Release|Any CPU
		{EB3847C3-2C76-44AD-865F-A358C4B215C5}.Release|iPhone.Deploy.0 = Release|Any CPU
		{EB3847C3-2C76-44AD-865F-A358C4B215C5}.Release|iPhoneSimulator.ActiveCfg = Release|Any CPU
		{EB3847C3-2C76-44AD-865F-A358C4B215C5}.Release|iPhoneSimulator.Build.0 = Release|Any CPU
		{EB3847C3-2C76-44AD-865F-A358C4B215C5}.Release|iPhoneSimulator.Deploy.0 = Release|Any CPU
		{C6A01E7F-D9B6-441E-A53D-9DEA703260DD}.Ad-Hoc|Any CPU.ActiveCfg = Ad-Hoc|iPhone
		{C6A01E7F-D9B6-441E-A53D-9DEA703260DD}.Ad-Hoc|Any CPU.Build.0 = Ad-Hoc|iPhone
		{C6A01E7F-D9B6-441E-A53D-9DEA703260DD}.Ad-Hoc|Any CPU.Deploy.0 = Ad-Hoc|iPhone
		{C6A01E7F-D9B6-441E-A53D-9DEA703260DD}.Ad-Hoc|iPhone.ActiveCfg = Ad-Hoc|iPhone
		{C6A01E7F-D9B6-441E-A53D-9DEA703260DD}.Ad-Hoc|iPhone.Build.0 = Ad-Hoc|iPhone
		{C6A01E7F-D9B6-441E-A53D-9DEA703260DD}.Ad-Hoc|iPhone.Deploy.0 = Ad-Hoc|iPhone
		{C6A01E7F-D9B6-441E-A53D-9DEA703260DD}.Ad-Hoc|iPhoneSimulator.ActiveCfg = Ad-Hoc|iPhoneSimulator
		{C6A01E7F-D9B6-441E-A53D-9DEA703260DD}.Ad-Hoc|iPhoneSimulator.Build.0 = Ad-Hoc|iPhoneSimulator
		{C6A01E7F-D9B6-441E-A53D-9DEA703260DD}.Ad-Hoc|iPhoneSimulator.Deploy.0 = Ad-Hoc|iPhoneSimulator
		{C6A01E7F-D9B6-441E-A53D-9DEA703260DD}.AppStore|Any CPU.ActiveCfg = AppStore|iPhone
		{C6A01E7F-D9B6-441E-A53D-9DEA703260DD}.AppStore|Any CPU.Build.0 = AppStore|iPhone
		{C6A01E7F-D9B6-441E-A53D-9DEA703260DD}.AppStore|Any CPU.Deploy.0 = AppStore|iPhone
		{C6A01E7F-D9B6-441E-A53D-9DEA703260DD}.AppStore|iPhone.ActiveCfg = AppStore|iPhone
		{C6A01E7F-D9B6-441E-A53D-9DEA703260DD}.AppStore|iPhone.Build.0 = AppStore|iPhone
		{C6A01E7F-D9B6-441E-A53D-9DEA703260DD}.AppStore|iPhone.Deploy.0 = AppStore|iPhone
		{C6A01E7F-D9B6-441E-A53D-9DEA703260DD}.AppStore|iPhoneSimulator.ActiveCfg = AppStore|iPhoneSimulator
		{C6A01E7F-D9B6-441E-A53D-9DEA703260DD}.AppStore|iPhoneSimulator.Build.0 = AppStore|iPhoneSimulator
		{C6A01E7F-D9B6-441E-A53D-9DEA703260DD}.AppStore|iPhoneSimulator.Deploy.0 = AppStore|iPhoneSimulator
		{C6A01E7F-D9B6-441E-A53D-9DEA703260DD}.Debug|Any CPU.ActiveCfg = Debug|iPhoneSimulator
		{C6A01E7F-D9B6-441E-A53D-9DEA703260DD}.Debug|Any CPU.Build.0 = Debug|iPhoneSimulator
		{C6A01E7F-D9B6-441E-A53D-9DEA703260DD}.Debug|Any CPU.Deploy.0 = Debug|iPhoneSimulator
		{C6A01E7F-D9B6-441E-A53D-9DEA703260DD}.Debug|iPhone.ActiveCfg = Debug|iPhone
		{C6A01E7F-D9B6-441E-A53D-9DEA703260DD}.Debug|iPhone.Build.0 = Debug|iPhone
		{C6A01E7F-D9B6-441E-A53D-9DEA703260DD}.Debug|iPhone.Deploy.0 = Debug|iPhone
		{C6A01E7F-D9B6-441E-A53D-9DEA703260DD}.Debug|iPhoneSimulator.ActiveCfg = Debug|iPhoneSimulator
		{C6A01E7F-D9B6-441E-A53D-9DEA703260DD}.Debug|iPhoneSimulator.Build.0 = Debug|iPhoneSimulator
		{C6A01E7F-D9B6-441E-A53D-9DEA703260DD}.Debug|iPhoneSimulator.Deploy.0 = Debug|iPhoneSimulator
		{C6A01E7F-D9B6-441E-A53D-9DEA703260DD}.Release|Any CPU.ActiveCfg = Release|iPhone
		{C6A01E7F-D9B6-441E-A53D-9DEA703260DD}.Release|Any CPU.Build.0 = Release|iPhone
		{C6A01E7F-D9B6-441E-A53D-9DEA703260DD}.Release|Any CPU.Deploy.0 = Release|iPhone
		{C6A01E7F-D9B6-441E-A53D-9DEA703260DD}.Release|iPhone.ActiveCfg = Release|iPhone
		{C6A01E7F-D9B6-441E-A53D-9DEA703260DD}.Release|iPhone.Build.0 = Release|iPhone
		{C6A01E7F-D9B6-441E-A53D-9DEA703260DD}.Release|iPhone.Deploy.0 = Release|iPhone
		{C6A01E7F-D9B6-441E-A53D-9DEA703260DD}.Release|iPhoneSimulator.ActiveCfg = Release|iPhoneSimulator
		{C6A01E7F-D9B6-441E-A53D-9DEA703260DD}.Release|iPhoneSimulator.Build.0 = Release|iPhoneSimulator
		{C6A01E7F-D9B6-441E-A53D-9DEA703260DD}.Release|iPhoneSimulator.Deploy.0 = Release|iPhoneSimulator
		{72D63A58-2FC2-4A2B-851E-EB77EEEDF57B}.Ad-Hoc|Any CPU.ActiveCfg = Debug|Any CPU
		{72D63A58-2FC2-4A2B-851E-EB77EEEDF57B}.Ad-Hoc|Any CPU.Build.0 = Debug|Any CPU
		{72D63A58-2FC2-4A2B-851E-EB77EEEDF57B}.Ad-Hoc|Any CPU.Deploy.0 = Debug|Any CPU
		{72D63A58-2FC2-4A2B-851E-EB77EEEDF57B}.Ad-Hoc|iPhone.ActiveCfg = Debug|Any CPU
		{72D63A58-2FC2-4A2B-851E-EB77EEEDF57B}.Ad-Hoc|iPhone.Build.0 = Debug|Any CPU
		{72D63A58-2FC2-4A2B-851E-EB77EEEDF57B}.Ad-Hoc|iPhone.Deploy.0 = Debug|Any CPU
		{72D63A58-2FC2-4A2B-851E-EB77EEEDF57B}.Ad-Hoc|iPhoneSimulator.ActiveCfg = Debug|Any CPU
		{72D63A58-2FC2-4A2B-851E-EB77EEEDF57B}.Ad-Hoc|iPhoneSimulator.Build.0 = Debug|Any CPU
		{72D63A58-2FC2-4A2B-851E-EB77EEEDF57B}.Ad-Hoc|iPhoneSimulator.Deploy.0 = Debug|Any CPU
		{72D63A58-2FC2-4A2B-851E-EB77EEEDF57B}.AppStore|Any CPU.ActiveCfg = Debug|Any CPU
		{72D63A58-2FC2-4A2B-851E-EB77EEEDF57B}.AppStore|Any CPU.Build.0 = Debug|Any CPU
		{72D63A58-2FC2-4A2B-851E-EB77EEEDF57B}.AppStore|Any CPU.Deploy.0 = Debug|Any CPU
		{72D63A58-2FC2-4A2B-851E-EB77EEEDF57B}.AppStore|iPhone.ActiveCfg = Debug|Any CPU
		{72D63A58-2FC2-4A2B-851E-EB77EEEDF57B}.AppStore|iPhone.Build.0 = Debug|Any CPU
		{72D63A58-2FC2-4A2B-851E-EB77EEEDF57B}.AppStore|iPhone.Deploy.0 = Debug|Any CPU
		{72D63A58-2FC2-4A2B-851E-EB77EEEDF57B}.AppStore|iPhoneSimulator.ActiveCfg = Debug|Any CPU
		{72D63A58-2FC2-4A2B-851E-EB77EEEDF57B}.AppStore|iPhoneSimulator.Build.0 = Debug|Any CPU
		{72D63A58-2FC2-4A2B-851E-EB77EEEDF57B}.AppStore|iPhoneSimulator.Deploy.0 = Debug|Any CPU
		{72D63A58-2FC2-4A2B-851E-EB77EEEDF57B}.Debug|Any CPU.ActiveCfg = Debug|Any CPU
		{72D63A58-2FC2-4A2B-851E-EB77EEEDF57B}.Debug|Any CPU.Build.0 = Debug|Any CPU
		{72D63A58-2FC2-4A2B-851E-EB77EEEDF57B}.Debug|Any CPU.Deploy.0 = Debug|Any CPU
		{72D63A58-2FC2-4A2B-851E-EB77EEEDF57B}.Debug|iPhone.ActiveCfg = Debug|Any CPU
		{72D63A58-2FC2-4A2B-851E-EB77EEEDF57B}.Debug|iPhone.Build.0 = Debug|Any CPU
		{72D63A58-2FC2-4A2B-851E-EB77EEEDF57B}.Debug|iPhone.Deploy.0 = Debug|Any CPU
		{72D63A58-2FC2-4A2B-851E-EB77EEEDF57B}.Debug|iPhoneSimulator.ActiveCfg = Debug|Any CPU
		{72D63A58-2FC2-4A2B-851E-EB77EEEDF57B}.Debug|iPhoneSimulator.Build.0 = Debug|Any CPU
		{72D63A58-2FC2-4A2B-851E-EB77EEEDF57B}.Debug|iPhoneSimulator.Deploy.0 = Debug|Any CPU
		{72D63A58-2FC2-4A2B-851E-EB77EEEDF57B}.Release|Any CPU.ActiveCfg = Release|Any CPU
		{72D63A58-2FC2-4A2B-851E-EB77EEEDF57B}.Release|Any CPU.Build.0 = Release|Any CPU
		{72D63A58-2FC2-4A2B-851E-EB77EEEDF57B}.Release|Any CPU.Deploy.0 = Release|Any CPU
		{72D63A58-2FC2-4A2B-851E-EB77EEEDF57B}.Release|iPhone.ActiveCfg = Release|Any CPU
		{72D63A58-2FC2-4A2B-851E-EB77EEEDF57B}.Release|iPhone.Build.0 = Release|Any CPU
		{72D63A58-2FC2-4A2B-851E-EB77EEEDF57B}.Release|iPhone.Deploy.0 = Release|Any CPU
		{72D63A58-2FC2-4A2B-851E-EB77EEEDF57B}.Release|iPhoneSimulator.ActiveCfg = Release|Any CPU
		{72D63A58-2FC2-4A2B-851E-EB77EEEDF57B}.Release|iPhoneSimulator.Build.0 = Release|Any CPU
		{72D63A58-2FC2-4A2B-851E-EB77EEEDF57B}.Release|iPhoneSimulator.Deploy.0 = Release|Any CPU
	EndGlobalSection
	GlobalSection(SolutionProperties) = preSolution
		HideSolutionNode = FALSE
	EndGlobalSection
	GlobalSection(ExtensibilityGlobals) = postSolution
		SolutionGuid = {D5076445-481E-4099-AFEF-1EE377CB4E2B}
	EndGlobalSection
EndGlobal
